// !$*UTF8*$!
{
	archiveVersion = 1;
	classes = {
	};
	objectVersion = 56;
	objects = {

/* Begin PBXBuildFile section */
		5147D9AF2ACFD44600EF0DE3 /* SpecificCharacterViewModel.swift in Sources */ = {isa = PBXBuildFile; fileRef = 5147D9AE2ACFD44600EF0DE3 /* SpecificCharacterViewModel.swift */; };
		5147D9B12ACFDA0200EF0DE3 /* MoreDetailsViewController.swift in Sources */ = {isa = PBXBuildFile; fileRef = 5147D9B02ACFDA0200EF0DE3 /* MoreDetailsViewController.swift */; };
		5147D9B42ACFE6C900EF0DE3 /* UIScrollView_InfiniteScroll in Frameworks */ = {isa = PBXBuildFile; productRef = 5147D9B32ACFE6C900EF0DE3 /* UIScrollView_InfiniteScroll */; };
		514933202ACEE2F500DA74A7 /* AppDelegate.swift in Sources */ = {isa = PBXBuildFile; fileRef = 5149331F2ACEE2F500DA74A7 /* AppDelegate.swift */; };
		514933222ACEE2F500DA74A7 /* SceneDelegate.swift in Sources */ = {isa = PBXBuildFile; fileRef = 514933212ACEE2F500DA74A7 /* SceneDelegate.swift */; };
		514933242ACEE2F500DA74A7 /* DashboardViewController.swift in Sources */ = {isa = PBXBuildFile; fileRef = 514933232ACEE2F500DA74A7 /* DashboardViewController.swift */; };
		514933292ACEE2F600DA74A7 /* Assets.xcassets in Resources */ = {isa = PBXBuildFile; fileRef = 514933282ACEE2F600DA74A7 /* Assets.xcassets */; };
		5149332C2ACEE2F600DA74A7 /* LaunchScreen.storyboard in Resources */ = {isa = PBXBuildFile; fileRef = 5149332A2ACEE2F600DA74A7 /* LaunchScreen.storyboard */; };
		514933372ACEE2F600DA74A7 /* Marvel_take_home_projectTests.swift in Sources */ = {isa = PBXBuildFile; fileRef = 514933362ACEE2F600DA74A7 /* Marvel_take_home_projectTests.swift */; };
		514933412ACEE2F700DA74A7 /* Marvel_take_home_projectUITests.swift in Sources */ = {isa = PBXBuildFile; fileRef = 514933402ACEE2F700DA74A7 /* Marvel_take_home_projectUITests.swift */; };
		514933432ACEE2F700DA74A7 /* Marvel_take_home_projectUITestsLaunchTests.swift in Sources */ = {isa = PBXBuildFile; fileRef = 514933422ACEE2F700DA74A7 /* Marvel_take_home_projectUITestsLaunchTests.swift */; };
		514933502ACEE42A00DA74A7 /* Extension.swift in Sources */ = {isa = PBXBuildFile; fileRef = 5149334F2ACEE42A00DA74A7 /* Extension.swift */; };
		514933552ACEE84F00DA74A7 /* CharacterViewController.swift in Sources */ = {isa = PBXBuildFile; fileRef = 514933542ACEE84F00DA74A7 /* CharacterViewController.swift */; };
		514933572ACEE87B00DA74A7 /* ComicViewController.swift in Sources */ = {isa = PBXBuildFile; fileRef = 514933562ACEE87B00DA74A7 /* ComicViewController.swift */; };
		518619A92AD00F5000C7E6C0 /* ComicViewModel.swift in Sources */ = {isa = PBXBuildFile; fileRef = 518619A82AD00F5000C7E6C0 /* ComicViewModel.swift */; };
		518619AD2AD0358C00C7E6C0 /* SpinnerViewController.swift in Sources */ = {isa = PBXBuildFile; fileRef = 518619AC2AD0358C00C7E6C0 /* SpinnerViewController.swift */; };
		51B0B83F2ACF256B0004C0EE /* ComicModel.swift in Sources */ = {isa = PBXBuildFile; fileRef = 51B0B83E2ACF256B0004C0EE /* ComicModel.swift */; };
		51B0B8412ACF280C0004C0EE /* MarvelData.swift in Sources */ = {isa = PBXBuildFile; fileRef = 51B0B8402ACF280C0004C0EE /* MarvelData.swift */; };
		51B0B8432ACF28660004C0EE /* Results.swift in Sources */ = {isa = PBXBuildFile; fileRef = 51B0B8422ACF28660004C0EE /* Results.swift */; };
		51B0B8452ACF28780004C0EE /* Urls.swift in Sources */ = {isa = PBXBuildFile; fileRef = 51B0B8442ACF28780004C0EE /* Urls.swift */; };
		51B0B8472ACF288D0004C0EE /* Thumbnail.swift in Sources */ = {isa = PBXBuildFile; fileRef = 51B0B8462ACF288D0004C0EE /* Thumbnail.swift */; };
		51B0B8492ACF28AE0004C0EE /* Comics.swift in Sources */ = {isa = PBXBuildFile; fileRef = 51B0B8482ACF28AE0004C0EE /* Comics.swift */; };
		51B0B84B2ACF28BF0004C0EE /* Stories.swift in Sources */ = {isa = PBXBuildFile; fileRef = 51B0B84A2ACF28BF0004C0EE /* Stories.swift */; };
		51B0B84D2ACF28D20004C0EE /* Events.swift in Sources */ = {isa = PBXBuildFile; fileRef = 51B0B84C2ACF28D20004C0EE /* Events.swift */; };
		51B0B84F2ACF28E50004C0EE /* Series.swift in Sources */ = {isa = PBXBuildFile; fileRef = 51B0B84E2ACF28E50004C0EE /* Series.swift */; };
		51B0B8512ACF291C0004C0EE /* Items.swift in Sources */ = {isa = PBXBuildFile; fileRef = 51B0B8502ACF291C0004C0EE /* Items.swift */; };
		51B0B8532ACF29A40004C0EE /* CharacterModel.swift in Sources */ = {isa = PBXBuildFile; fileRef = 51B0B8522ACF29A40004C0EE /* CharacterModel.swift */; };
		51B0B8552ACF29D40004C0EE /* CharacterViewModel.swift in Sources */ = {isa = PBXBuildFile; fileRef = 51B0B8542ACF29D40004C0EE /* CharacterViewModel.swift */; };
		51B0B8572ACF2A570004C0EE /* URLLocations.swift in Sources */ = {isa = PBXBuildFile; fileRef = 51B0B8562ACF2A570004C0EE /* URLLocations.swift */; };
		51B0B8592ACF2AD00004C0EE /* ParsingAPI.swift in Sources */ = {isa = PBXBuildFile; fileRef = 51B0B8582ACF2AD00004C0EE /* ParsingAPI.swift */; };
		51B0B85B2ACF2B330004C0EE /* Constants.swift in Sources */ = {isa = PBXBuildFile; fileRef = 51B0B85A2ACF2B330004C0EE /* Constants.swift */; };
		51B0B85D2ACF47200004C0EE /* SimplifiedModel.swift in Sources */ = {isa = PBXBuildFile; fileRef = 51B0B85C2ACF47200004C0EE /* SimplifiedModel.swift */; };
		51B0B8602ACF48B70004C0EE /* MyCollectionViewCell.swift in Sources */ = {isa = PBXBuildFile; fileRef = 51B0B85F2ACF48B70004C0EE /* MyCollectionViewCell.swift */; };
/* End PBXBuildFile section */

/* Begin PBXContainerItemProxy section */
		514933332ACEE2F600DA74A7 /* PBXContainerItemProxy */ = {
			isa = PBXContainerItemProxy;
			containerPortal = 514933142ACEE2F500DA74A7 /* Project object */;
			proxyType = 1;
			remoteGlobalIDString = 5149331B2ACEE2F500DA74A7;
			remoteInfo = "Marvel take home project";
		};
		5149333D2ACEE2F700DA74A7 /* PBXContainerItemProxy */ = {
			isa = PBXContainerItemProxy;
			containerPortal = 514933142ACEE2F500DA74A7 /* Project object */;
			proxyType = 1;
			remoteGlobalIDString = 5149331B2ACEE2F500DA74A7;
			remoteInfo = "Marvel take home project";
		};
/* End PBXContainerItemProxy section */

/* Begin PBXFileReference section */
		5147D9AE2ACFD44600EF0DE3 /* SpecificCharacterViewModel.swift */ = {isa = PBXFileReference; lastKnownFileType = sourcecode.swift; path = SpecificCharacterViewModel.swift; sourceTree = "<group>"; };
		5147D9B02ACFDA0200EF0DE3 /* MoreDetailsViewController.swift */ = {isa = PBXFileReference; lastKnownFileType = sourcecode.swift; path = MoreDetailsViewController.swift; sourceTree = "<group>"; };
		5149331C2ACEE2F500DA74A7 /* Marvel take home project.app */ = {isa = PBXFileReference; explicitFileType = wrapper.application; includeInIndex = 0; path = "Marvel take home project.app"; sourceTree = BUILT_PRODUCTS_DIR; };
		5149331F2ACEE2F500DA74A7 /* AppDelegate.swift */ = {isa = PBXFileReference; lastKnownFileType = sourcecode.swift; path = AppDelegate.swift; sourceTree = "<group>"; };
		514933212ACEE2F500DA74A7 /* SceneDelegate.swift */ = {isa = PBXFileReference; lastKnownFileType = sourcecode.swift; path = SceneDelegate.swift; sourceTree = "<group>"; };
		514933232ACEE2F500DA74A7 /* DashboardViewController.swift */ = {isa = PBXFileReference; lastKnownFileType = sourcecode.swift; path = DashboardViewController.swift; sourceTree = "<group>"; };
		514933282ACEE2F600DA74A7 /* Assets.xcassets */ = {isa = PBXFileReference; lastKnownFileType = folder.assetcatalog; path = Assets.xcassets; sourceTree = "<group>"; };
		5149332B2ACEE2F600DA74A7 /* Base */ = {isa = PBXFileReference; lastKnownFileType = file.storyboard; name = Base; path = Base.lproj/LaunchScreen.storyboard; sourceTree = "<group>"; };
		5149332D2ACEE2F600DA74A7 /* Info.plist */ = {isa = PBXFileReference; lastKnownFileType = text.plist.xml; path = Info.plist; sourceTree = "<group>"; };
		514933322ACEE2F600DA74A7 /* Marvel take home projectTests.xctest */ = {isa = PBXFileReference; explicitFileType = wrapper.cfbundle; includeInIndex = 0; path = "Marvel take home projectTests.xctest"; sourceTree = BUILT_PRODUCTS_DIR; };
		514933362ACEE2F600DA74A7 /* Marvel_take_home_projectTests.swift */ = {isa = PBXFileReference; lastKnownFileType = sourcecode.swift; path = Marvel_take_home_projectTests.swift; sourceTree = "<group>"; };
		5149333C2ACEE2F700DA74A7 /* Marvel take home projectUITests.xctest */ = {isa = PBXFileReference; explicitFileType = wrapper.cfbundle; includeInIndex = 0; path = "Marvel take home projectUITests.xctest"; sourceTree = BUILT_PRODUCTS_DIR; };
		514933402ACEE2F700DA74A7 /* Marvel_take_home_projectUITests.swift */ = {isa = PBXFileReference; lastKnownFileType = sourcecode.swift; path = Marvel_take_home_projectUITests.swift; sourceTree = "<group>"; };
		514933422ACEE2F700DA74A7 /* Marvel_take_home_projectUITestsLaunchTests.swift */ = {isa = PBXFileReference; lastKnownFileType = sourcecode.swift; path = Marvel_take_home_projectUITestsLaunchTests.swift; sourceTree = "<group>"; };
		5149334F2ACEE42A00DA74A7 /* Extension.swift */ = {isa = PBXFileReference; fileEncoding = 4; lastKnownFileType = sourcecode.swift; path = Extension.swift; sourceTree = "<group>"; };
		514933542ACEE84F00DA74A7 /* CharacterViewController.swift */ = {isa = PBXFileReference; lastKnownFileType = sourcecode.swift; path = CharacterViewController.swift; sourceTree = "<group>"; };
		514933562ACEE87B00DA74A7 /* ComicViewController.swift */ = {isa = PBXFileReference; lastKnownFileType = sourcecode.swift; path = ComicViewController.swift; sourceTree = "<group>"; };
		518619A82AD00F5000C7E6C0 /* ComicViewModel.swift */ = {isa = PBXFileReference; lastKnownFileType = sourcecode.swift; path = ComicViewModel.swift; sourceTree = "<group>"; };
		518619AC2AD0358C00C7E6C0 /* SpinnerViewController.swift */ = {isa = PBXFileReference; lastKnownFileType = sourcecode.swift; path = SpinnerViewController.swift; sourceTree = "<group>"; };
		51B0B83E2ACF256B0004C0EE /* ComicModel.swift */ = {isa = PBXFileReference; fileEncoding = 4; lastKnownFileType = sourcecode.swift; path = ComicModel.swift; sourceTree = "<group>"; };
		51B0B8402ACF280C0004C0EE /* MarvelData.swift */ = {isa = PBXFileReference; lastKnownFileType = sourcecode.swift; path = MarvelData.swift; sourceTree = "<group>"; };
		51B0B8422ACF28660004C0EE /* Results.swift */ = {isa = PBXFileReference; lastKnownFileType = sourcecode.swift; path = Results.swift; sourceTree = "<group>"; };
		51B0B8442ACF28780004C0EE /* Urls.swift */ = {isa = PBXFileReference; lastKnownFileType = sourcecode.swift; path = Urls.swift; sourceTree = "<group>"; };
		51B0B8462ACF288D0004C0EE /* Thumbnail.swift */ = {isa = PBXFileReference; lastKnownFileType = sourcecode.swift; path = Thumbnail.swift; sourceTree = "<group>"; };
		51B0B8482ACF28AE0004C0EE /* Comics.swift */ = {isa = PBXFileReference; lastKnownFileType = sourcecode.swift; path = Comics.swift; sourceTree = "<group>"; };
		51B0B84A2ACF28BF0004C0EE /* Stories.swift */ = {isa = PBXFileReference; lastKnownFileType = sourcecode.swift; path = Stories.swift; sourceTree = "<group>"; };
		51B0B84C2ACF28D20004C0EE /* Events.swift */ = {isa = PBXFileReference; lastKnownFileType = sourcecode.swift; path = Events.swift; sourceTree = "<group>"; };
		51B0B84E2ACF28E50004C0EE /* Series.swift */ = {isa = PBXFileReference; lastKnownFileType = sourcecode.swift; path = Series.swift; sourceTree = "<group>"; };
		51B0B8502ACF291C0004C0EE /* Items.swift */ = {isa = PBXFileReference; lastKnownFileType = sourcecode.swift; path = Items.swift; sourceTree = "<group>"; };
		51B0B8522ACF29A40004C0EE /* CharacterModel.swift */ = {isa = PBXFileReference; fileEncoding = 4; lastKnownFileType = sourcecode.swift; path = CharacterModel.swift; sourceTree = "<group>"; };
		51B0B8542ACF29D40004C0EE /* CharacterViewModel.swift */ = {isa = PBXFileReference; lastKnownFileType = sourcecode.swift; path = CharacterViewModel.swift; sourceTree = "<group>"; };
		51B0B8562ACF2A570004C0EE /* URLLocations.swift */ = {isa = PBXFileReference; lastKnownFileType = sourcecode.swift; path = URLLocations.swift; sourceTree = "<group>"; };
		51B0B8582ACF2AD00004C0EE /* ParsingAPI.swift */ = {isa = PBXFileReference; lastKnownFileType = sourcecode.swift; path = ParsingAPI.swift; sourceTree = "<group>"; };
		51B0B85A2ACF2B330004C0EE /* Constants.swift */ = {isa = PBXFileReference; lastKnownFileType = sourcecode.swift; path = Constants.swift; sourceTree = "<group>"; };
		51B0B85C2ACF47200004C0EE /* SimplifiedModel.swift */ = {isa = PBXFileReference; lastKnownFileType = sourcecode.swift; path = SimplifiedModel.swift; sourceTree = "<group>"; };
		51B0B85F2ACF48B70004C0EE /* MyCollectionViewCell.swift */ = {isa = PBXFileReference; lastKnownFileType = sourcecode.swift; path = MyCollectionViewCell.swift; sourceTree = "<group>"; };
/* End PBXFileReference section */

/* Begin PBXFrameworksBuildPhase section */
		514933192ACEE2F500DA74A7 /* Frameworks */ = {
			isa = PBXFrameworksBuildPhase;
			buildActionMask = 2147483647;
			files = (
				5147D9B42ACFE6C900EF0DE3 /* UIScrollView_InfiniteScroll in Frameworks */,
			);
			runOnlyForDeploymentPostprocessing = 0;
		};
		5149332F2ACEE2F600DA74A7 /* Frameworks */ = {
			isa = PBXFrameworksBuildPhase;
			buildActionMask = 2147483647;
			files = (
			);
			runOnlyForDeploymentPostprocessing = 0;
		};
		514933392ACEE2F700DA74A7 /* Frameworks */ = {
			isa = PBXFrameworksBuildPhase;
			buildActionMask = 2147483647;
			files = (
			);
			runOnlyForDeploymentPostprocessing = 0;
		};
/* End PBXFrameworksBuildPhase section */

/* Begin PBXGroup section */
		514933132ACEE2F500DA74A7 = {
			isa = PBXGroup;
			children = (
				5149331E2ACEE2F500DA74A7 /* Marvel take home project */,
				514933352ACEE2F600DA74A7 /* Marvel take home projectTests */,
				5149333F2ACEE2F700DA74A7 /* Marvel take home projectUITests */,
				5149331D2ACEE2F500DA74A7 /* Products */,
			);
			sourceTree = "<group>";
		};
		5149331D2ACEE2F500DA74A7 /* Products */ = {
			isa = PBXGroup;
			children = (
				5149331C2ACEE2F500DA74A7 /* Marvel take home project.app */,
				514933322ACEE2F600DA74A7 /* Marvel take home projectTests.xctest */,
				5149333C2ACEE2F700DA74A7 /* Marvel take home projectUITests.xctest */,
			);
			name = Products;
			sourceTree = "<group>";
		};
		5149331E2ACEE2F500DA74A7 /* Marvel take home project */ = {
			isa = PBXGroup;
			children = (
				51B0B85E2ACF48A90004C0EE /* View */,
				514933512ACEE4C700DA74A7 /* App */,
				514933532ACEE4FA00DA74A7 /* Utilities */,
				51B0B83D2ACF25300004C0EE /* Model */,
				51B0B83C2ACF251D0004C0EE /* ViewModel */,
				514933522ACEE4E700DA74A7 /* Controller */,
				514933282ACEE2F600DA74A7 /* Assets.xcassets */,
				5149332A2ACEE2F600DA74A7 /* LaunchScreen.storyboard */,
				5149332D2ACEE2F600DA74A7 /* Info.plist */,
			);
			path = "Marvel take home project";
			sourceTree = "<group>";
		};
		514933352ACEE2F600DA74A7 /* Marvel take home projectTests */ = {
			isa = PBXGroup;
			children = (
				514933362ACEE2F600DA74A7 /* Marvel_take_home_projectTests.swift */,
			);
			path = "Marvel take home projectTests";
			sourceTree = "<group>";
		};
		5149333F2ACEE2F700DA74A7 /* Marvel take home projectUITests */ = {
			isa = PBXGroup;
			children = (
				514933402ACEE2F700DA74A7 /* Marvel_take_home_projectUITests.swift */,
				514933422ACEE2F700DA74A7 /* Marvel_take_home_projectUITestsLaunchTests.swift */,
			);
			path = "Marvel take home projectUITests";
			sourceTree = "<group>";
		};
		514933512ACEE4C700DA74A7 /* App */ = {
			isa = PBXGroup;
			children = (
				5149331F2ACEE2F500DA74A7 /* AppDelegate.swift */,
				514933212ACEE2F500DA74A7 /* SceneDelegate.swift */,
			);
			path = App;
			sourceTree = "<group>";
		};
		514933522ACEE4E700DA74A7 /* Controller */ = {
			isa = PBXGroup;
			children = (
				514933232ACEE2F500DA74A7 /* DashboardViewController.swift */,
				514933542ACEE84F00DA74A7 /* CharacterViewController.swift */,
				514933562ACEE87B00DA74A7 /* ComicViewController.swift */,
				5147D9B02ACFDA0200EF0DE3 /* MoreDetailsViewController.swift */,
				518619AC2AD0358C00C7E6C0 /* SpinnerViewController.swift */,
			);
			path = Controller;
			sourceTree = "<group>";
		};
		514933532ACEE4FA00DA74A7 /* Utilities */ = {
			isa = PBXGroup;
			children = (
				5149334F2ACEE42A00DA74A7 /* Extension.swift */,
				51B0B8562ACF2A570004C0EE /* URLLocations.swift */,
				51B0B8582ACF2AD00004C0EE /* ParsingAPI.swift */,
				51B0B85A2ACF2B330004C0EE /* Constants.swift */,
			);
			path = Utilities;
			sourceTree = "<group>";
		};
		51B0B83C2ACF251D0004C0EE /* ViewModel */ = {
			isa = PBXGroup;
			children = (
				51B0B8542ACF29D40004C0EE /* CharacterViewModel.swift */,
				5147D9AE2ACFD44600EF0DE3 /* SpecificCharacterViewModel.swift */,
				518619A82AD00F5000C7E6C0 /* ComicViewModel.swift */,
			);
			path = ViewModel;
			sourceTree = "<group>";
		};
		51B0B83D2ACF25300004C0EE /* Model */ = {
			isa = PBXGroup;
			children = (
				51B0B8522ACF29A40004C0EE /* CharacterModel.swift */,
				51B0B83E2ACF256B0004C0EE /* ComicModel.swift */,
				51B0B8402ACF280C0004C0EE /* MarvelData.swift */,
				51B0B8422ACF28660004C0EE /* Results.swift */,
				51B0B8442ACF28780004C0EE /* Urls.swift */,
				51B0B8462ACF288D0004C0EE /* Thumbnail.swift */,
				51B0B8482ACF28AE0004C0EE /* Comics.swift */,
				51B0B84A2ACF28BF0004C0EE /* Stories.swift */,
				51B0B84C2ACF28D20004C0EE /* Events.swift */,
				51B0B84E2ACF28E50004C0EE /* Series.swift */,
				51B0B8502ACF291C0004C0EE /* Items.swift */,
				51B0B85C2ACF47200004C0EE /* SimplifiedModel.swift */,
			);
			path = Model;
			sourceTree = "<group>";
		};
		51B0B85E2ACF48A90004C0EE /* View */ = {
			isa = PBXGroup;
			children = (
				51B0B85F2ACF48B70004C0EE /* MyCollectionViewCell.swift */,
			);
			path = View;
			sourceTree = "<group>";
		};
/* End PBXGroup section */

/* Begin PBXNativeTarget section */
		5149331B2ACEE2F500DA74A7 /* Marvel take home project */ = {
			isa = PBXNativeTarget;
			buildConfigurationList = 514933462ACEE2F700DA74A7 /* Build configuration list for PBXNativeTarget "Marvel take home project" */;
			buildPhases = (
				514933182ACEE2F500DA74A7 /* Sources */,
				514933192ACEE2F500DA74A7 /* Frameworks */,
				5149331A2ACEE2F500DA74A7 /* Resources */,
			);
			buildRules = (
			);
			dependencies = (
			);
			name = "Marvel take home project";
			packageProductDependencies = (
				5147D9B32ACFE6C900EF0DE3 /* UIScrollView_InfiniteScroll */,
			);
			productName = "Marvel take home project";
			productReference = 5149331C2ACEE2F500DA74A7 /* Marvel take home project.app */;
			productType = "com.apple.product-type.application";
		};
		514933312ACEE2F600DA74A7 /* Marvel take home projectTests */ = {
			isa = PBXNativeTarget;
			buildConfigurationList = 514933492ACEE2F700DA74A7 /* Build configuration list for PBXNativeTarget "Marvel take home projectTests" */;
			buildPhases = (
				5149332E2ACEE2F600DA74A7 /* Sources */,
				5149332F2ACEE2F600DA74A7 /* Frameworks */,
				514933302ACEE2F600DA74A7 /* Resources */,
			);
			buildRules = (
			);
			dependencies = (
				514933342ACEE2F600DA74A7 /* PBXTargetDependency */,
			);
			name = "Marvel take home projectTests";
			productName = "Marvel take home projectTests";
			productReference = 514933322ACEE2F600DA74A7 /* Marvel take home projectTests.xctest */;
			productType = "com.apple.product-type.bundle.unit-test";
		};
		5149333B2ACEE2F700DA74A7 /* Marvel take home projectUITests */ = {
			isa = PBXNativeTarget;
			buildConfigurationList = 5149334C2ACEE2F700DA74A7 /* Build configuration list for PBXNativeTarget "Marvel take home projectUITests" */;
			buildPhases = (
				514933382ACEE2F700DA74A7 /* Sources */,
				514933392ACEE2F700DA74A7 /* Frameworks */,
				5149333A2ACEE2F700DA74A7 /* Resources */,
			);
			buildRules = (
			);
			dependencies = (
				5149333E2ACEE2F700DA74A7 /* PBXTargetDependency */,
			);
			name = "Marvel take home projectUITests";
			productName = "Marvel take home projectUITests";
			productReference = 5149333C2ACEE2F700DA74A7 /* Marvel take home projectUITests.xctest */;
			productType = "com.apple.product-type.bundle.ui-testing";
		};
/* End PBXNativeTarget section */

/* Begin PBXProject section */
		514933142ACEE2F500DA74A7 /* Project object */ = {
			isa = PBXProject;
			attributes = {
				BuildIndependentTargetsInParallel = 1;
				LastSwiftUpdateCheck = 1500;
				LastUpgradeCheck = 1500;
				TargetAttributes = {
					5149331B2ACEE2F500DA74A7 = {
						CreatedOnToolsVersion = 15.0;
					};
					514933312ACEE2F600DA74A7 = {
						CreatedOnToolsVersion = 15.0;
						TestTargetID = 5149331B2ACEE2F500DA74A7;
					};
					5149333B2ACEE2F700DA74A7 = {
						CreatedOnToolsVersion = 15.0;
						TestTargetID = 5149331B2ACEE2F500DA74A7;
					};
				};
			};
			buildConfigurationList = 514933172ACEE2F500DA74A7 /* Build configuration list for PBXProject "Marvel take home project" */;
			compatibilityVersion = "Xcode 14.0";
			developmentRegion = en;
			hasScannedForEncodings = 0;
			knownRegions = (
				en,
				Base,
			);
			mainGroup = 514933132ACEE2F500DA74A7;
			packageReferences = (
				5147D9B22ACFE6C900EF0DE3 /* XCRemoteSwiftPackageReference "UIScrollView-InfiniteScroll" */,
			);
			productRefGroup = 5149331D2ACEE2F500DA74A7 /* Products */;
			projectDirPath = "";
			projectRoot = "";
			targets = (
				5149331B2ACEE2F500DA74A7 /* Marvel take home project */,
				514933312ACEE2F600DA74A7 /* Marvel take home projectTests */,
				5149333B2ACEE2F700DA74A7 /* Marvel take home projectUITests */,
			);
		};
/* End PBXProject section */

/* Begin PBXResourcesBuildPhase section */
		5149331A2ACEE2F500DA74A7 /* Resources */ = {
			isa = PBXResourcesBuildPhase;
			buildActionMask = 2147483647;
			files = (
				5149332C2ACEE2F600DA74A7 /* LaunchScreen.storyboard in Resources */,
				514933292ACEE2F600DA74A7 /* Assets.xcassets in Resources */,
			);
			runOnlyForDeploymentPostprocessing = 0;
		};
		514933302ACEE2F600DA74A7 /* Resources */ = {
			isa = PBXResourcesBuildPhase;
			buildActionMask = 2147483647;
			files = (
			);
			runOnlyForDeploymentPostprocessing = 0;
		};
		5149333A2ACEE2F700DA74A7 /* Resources */ = {
			isa = PBXResourcesBuildPhase;
			buildActionMask = 2147483647;
			files = (
			);
			runOnlyForDeploymentPostprocessing = 0;
		};
/* End PBXResourcesBuildPhase section */

/* Begin PBXSourcesBuildPhase section */
		514933182ACEE2F500DA74A7 /* Sources */ = {
			isa = PBXSourcesBuildPhase;
			buildActionMask = 2147483647;
			files = (
				514933242ACEE2F500DA74A7 /* DashboardViewController.swift in Sources */,
				51B0B84B2ACF28BF0004C0EE /* Stories.swift in Sources */,
				51B0B8572ACF2A570004C0EE /* URLLocations.swift in Sources */,
				514933552ACEE84F00DA74A7 /* CharacterViewController.swift in Sources */,
				514933572ACEE87B00DA74A7 /* ComicViewController.swift in Sources */,
				514933202ACEE2F500DA74A7 /* AppDelegate.swift in Sources */,
				5147D9B12ACFDA0200EF0DE3 /* MoreDetailsViewController.swift in Sources */,
				51B0B8602ACF48B70004C0EE /* MyCollectionViewCell.swift in Sources */,
				518619A92AD00F5000C7E6C0 /* ComicViewModel.swift in Sources */,
				51B0B83F2ACF256B0004C0EE /* ComicModel.swift in Sources */,
				51B0B8492ACF28AE0004C0EE /* Comics.swift in Sources */,
				514933222ACEE2F500DA74A7 /* SceneDelegate.swift in Sources */,
				51B0B8592ACF2AD00004C0EE /* ParsingAPI.swift in Sources */,
				51B0B8512ACF291C0004C0EE /* Items.swift in Sources */,
				5147D9AF2ACFD44600EF0DE3 /* SpecificCharacterViewModel.swift in Sources */,
				51B0B85B2ACF2B330004C0EE /* Constants.swift in Sources */,
				518619AD2AD0358C00C7E6C0 /* SpinnerViewController.swift in Sources */,
				51B0B8432ACF28660004C0EE /* Results.swift in Sources */,
				51B0B8552ACF29D40004C0EE /* CharacterViewModel.swift in Sources */,
				51B0B84F2ACF28E50004C0EE /* Series.swift in Sources */,
				514933502ACEE42A00DA74A7 /* Extension.swift in Sources */,
				51B0B84D2ACF28D20004C0EE /* Events.swift in Sources */,
				51B0B8412ACF280C0004C0EE /* MarvelData.swift in Sources */,
				51B0B8452ACF28780004C0EE /* Urls.swift in Sources */,
				51B0B85D2ACF47200004C0EE /* SimplifiedModel.swift in Sources */,
				51B0B8532ACF29A40004C0EE /* CharacterModel.swift in Sources */,
				51B0B8472ACF288D0004C0EE /* Thumbnail.swift in Sources */,
			);
			runOnlyForDeploymentPostprocessing = 0;
		};
		5149332E2ACEE2F600DA74A7 /* Sources */ = {
			isa = PBXSourcesBuildPhase;
			buildActionMask = 2147483647;
			files = (
				514933372ACEE2F600DA74A7 /* Marvel_take_home_projectTests.swift in Sources */,
			);
			runOnlyForDeploymentPostprocessing = 0;
		};
		514933382ACEE2F700DA74A7 /* Sources */ = {
			isa = PBXSourcesBuildPhase;
			buildActionMask = 2147483647;
			files = (
				514933412ACEE2F700DA74A7 /* Marvel_take_home_projectUITests.swift in Sources */,
				514933432ACEE2F700DA74A7 /* Marvel_take_home_projectUITestsLaunchTests.swift in Sources */,
			);
			runOnlyForDeploymentPostprocessing = 0;
		};
/* End PBXSourcesBuildPhase section */

/* Begin PBXTargetDependency section */
		514933342ACEE2F600DA74A7 /* PBXTargetDependency */ = {
			isa = PBXTargetDependency;
			target = 5149331B2ACEE2F500DA74A7 /* Marvel take home project */;
			targetProxy = 514933332ACEE2F600DA74A7 /* PBXContainerItemProxy */;
		};
		5149333E2ACEE2F700DA74A7 /* PBXTargetDependency */ = {
			isa = PBXTargetDependency;
			target = 5149331B2ACEE2F500DA74A7 /* Marvel take home project */;
			targetProxy = 5149333D2ACEE2F700DA74A7 /* PBXContainerItemProxy */;
		};
/* End PBXTargetDependency section */

/* Begin PBXVariantGroup section */
		5149332A2ACEE2F600DA74A7 /* LaunchScreen.storyboard */ = {
			isa = PBXVariantGroup;
			children = (
				5149332B2ACEE2F600DA74A7 /* Base */,
			);
			name = LaunchScreen.storyboard;
			sourceTree = "<group>";
		};
/* End PBXVariantGroup section */

/* Begin XCBuildConfiguration section */
		514933442ACEE2F700DA74A7 /* Debug */ = {
			isa = XCBuildConfiguration;
			buildSettings = {
				ALWAYS_SEARCH_USER_PATHS = NO;
				ASSETCATALOG_COMPILER_GENERATE_SWIFT_ASSET_SYMBOL_EXTENSIONS = YES;
				CLANG_ANALYZER_NONNULL = YES;
				CLANG_ANALYZER_NUMBER_OBJECT_CONVERSION = YES_AGGRESSIVE;
				CLANG_CXX_LANGUAGE_STANDARD = "gnu++20";
				CLANG_ENABLE_MODULES = YES;
				CLANG_ENABLE_OBJC_ARC = YES;
				CLANG_ENABLE_OBJC_WEAK = YES;
				CLANG_WARN_BLOCK_CAPTURE_AUTORELEASING = YES;
				CLANG_WARN_BOOL_CONVERSION = YES;
				CLANG_WARN_COMMA = YES;
				CLANG_WARN_CONSTANT_CONVERSION = YES;
				CLANG_WARN_DEPRECATED_OBJC_IMPLEMENTATIONS = YES;
				CLANG_WARN_DIRECT_OBJC_ISA_USAGE = YES_ERROR;
				CLANG_WARN_DOCUMENTATION_COMMENTS = YES;
				CLANG_WARN_EMPTY_BODY = YES;
				CLANG_WARN_ENUM_CONVERSION = YES;
				CLANG_WARN_INFINITE_RECURSION = YES;
				CLANG_WARN_INT_CONVERSION = YES;
				CLANG_WARN_NON_LITERAL_NULL_CONVERSION = YES;
				CLANG_WARN_OBJC_IMPLICIT_RETAIN_SELF = YES;
				CLANG_WARN_OBJC_LITERAL_CONVERSION = YES;
				CLANG_WARN_OBJC_ROOT_CLASS = YES_ERROR;
				CLANG_WARN_QUOTED_INCLUDE_IN_FRAMEWORK_HEADER = YES;
				CLANG_WARN_RANGE_LOOP_ANALYSIS = YES;
				CLANG_WARN_STRICT_PROTOTYPES = YES;
				CLANG_WARN_SUSPICIOUS_MOVE = YES;
				CLANG_WARN_UNGUARDED_AVAILABILITY = YES_AGGRESSIVE;
				CLANG_WARN_UNREACHABLE_CODE = YES;
				CLANG_WARN__DUPLICATE_METHOD_MATCH = YES;
				COPY_PHASE_STRIP = NO;
				DEBUG_INFORMATION_FORMAT = dwarf;
				ENABLE_STRICT_OBJC_MSGSEND = YES;
				ENABLE_TESTABILITY = YES;
				ENABLE_USER_SCRIPT_SANDBOXING = YES;
				GCC_C_LANGUAGE_STANDARD = gnu17;
				GCC_DYNAMIC_NO_PIC = NO;
				GCC_NO_COMMON_BLOCKS = YES;
				GCC_OPTIMIZATION_LEVEL = 0;
				GCC_PREPROCESSOR_DEFINITIONS = (
					"DEBUG=1",
					"$(inherited)",
				);
				GCC_WARN_64_TO_32_BIT_CONVERSION = YES;
				GCC_WARN_ABOUT_RETURN_TYPE = YES_ERROR;
				GCC_WARN_UNDECLARED_SELECTOR = YES;
				GCC_WARN_UNINITIALIZED_AUTOS = YES_AGGRESSIVE;
				GCC_WARN_UNUSED_FUNCTION = YES;
				GCC_WARN_UNUSED_VARIABLE = YES;
				IPHONEOS_DEPLOYMENT_TARGET = 17.0;
				LOCALIZATION_PREFERS_STRING_CATALOGS = YES;
				MTL_ENABLE_DEBUG_INFO = INCLUDE_SOURCE;
				MTL_FAST_MATH = YES;
				ONLY_ACTIVE_ARCH = YES;
				SDKROOT = iphoneos;
				SWIFT_ACTIVE_COMPILATION_CONDITIONS = "DEBUG $(inherited)";
				SWIFT_OPTIMIZATION_LEVEL = "-Onone";
			};
			name = Debug;
		};
		514933452ACEE2F700DA74A7 /* Release */ = {
			isa = XCBuildConfiguration;
			buildSettings = {
				ALWAYS_SEARCH_USER_PATHS = NO;
				ASSETCATALOG_COMPILER_GENERATE_SWIFT_ASSET_SYMBOL_EXTENSIONS = YES;
				CLANG_ANALYZER_NONNULL = YES;
				CLANG_ANALYZER_NUMBER_OBJECT_CONVERSION = YES_AGGRESSIVE;
				CLANG_CXX_LANGUAGE_STANDARD = "gnu++20";
				CLANG_ENABLE_MODULES = YES;
				CLANG_ENABLE_OBJC_ARC = YES;
				CLANG_ENABLE_OBJC_WEAK = YES;
				CLANG_WARN_BLOCK_CAPTURE_AUTORELEASING = YES;
				CLANG_WARN_BOOL_CONVERSION = YES;
				CLANG_WARN_COMMA = YES;
				CLANG_WARN_CONSTANT_CONVERSION = YES;
				CLANG_WARN_DEPRECATED_OBJC_IMPLEMENTATIONS = YES;
				CLANG_WARN_DIRECT_OBJC_ISA_USAGE = YES_ERROR;
				CLANG_WARN_DOCUMENTATION_COMMENTS = YES;
				CLANG_WARN_EMPTY_BODY = YES;
				CLANG_WARN_ENUM_CONVERSION = YES;
				CLANG_WARN_INFINITE_RECURSION = YES;
				CLANG_WARN_INT_CONVERSION = YES;
				CLANG_WARN_NON_LITERAL_NULL_CONVERSION = YES;
				CLANG_WARN_OBJC_IMPLICIT_RETAIN_SELF = YES;
				CLANG_WARN_OBJC_LITERAL_CONVERSION = YES;
				CLANG_WARN_OBJC_ROOT_CLASS = YES_ERROR;
				CLANG_WARN_QUOTED_INCLUDE_IN_FRAMEWORK_HEADER = YES;
				CLANG_WARN_RANGE_LOOP_ANALYSIS = YES;
				CLANG_WARN_STRICT_PROTOTYPES = YES;
				CLANG_WARN_SUSPICIOUS_MOVE = YES;
				CLANG_WARN_UNGUARDED_AVAILABILITY = YES_AGGRESSIVE;
				CLANG_WARN_UNREACHABLE_CODE = YES;
				CLANG_WARN__DUPLICATE_METHOD_MATCH = YES;
				COPY_PHASE_STRIP = NO;
				DEBUG_INFORMATION_FORMAT = "dwarf-with-dsym";
				ENABLE_NS_ASSERTIONS = NO;
				ENABLE_STRICT_OBJC_MSGSEND = YES;
				ENABLE_USER_SCRIPT_SANDBOXING = YES;
				GCC_C_LANGUAGE_STANDARD = gnu17;
				GCC_NO_COMMON_BLOCKS = YES;
				GCC_WARN_64_TO_32_BIT_CONVERSION = YES;
				GCC_WARN_ABOUT_RETURN_TYPE = YES_ERROR;
				GCC_WARN_UNDECLARED_SELECTOR = YES;
				GCC_WARN_UNINITIALIZED_AUTOS = YES_AGGRESSIVE;
				GCC_WARN_UNUSED_FUNCTION = YES;
				GCC_WARN_UNUSED_VARIABLE = YES;
				IPHONEOS_DEPLOYMENT_TARGET = 17.0;
				LOCALIZATION_PREFERS_STRING_CATALOGS = YES;
				MTL_ENABLE_DEBUG_INFO = NO;
				MTL_FAST_MATH = YES;
				SDKROOT = iphoneos;
				SWIFT_COMPILATION_MODE = wholemodule;
				VALIDATE_PRODUCT = YES;
			};
			name = Release;
		};
		514933472ACEE2F700DA74A7 /* Debug */ = {
			isa = XCBuildConfiguration;
			buildSettings = {
				ASSETCATALOG_COMPILER_APPICON_NAME = AppIcon;
				ASSETCATALOG_COMPILER_GLOBAL_ACCENT_COLOR_NAME = AccentColor;
				CODE_SIGN_STYLE = Automatic;
				CURRENT_PROJECT_VERSION = 1;
				DEVELOPMENT_TEAM = 43L658SZQH;
				GENERATE_INFOPLIST_FILE = YES;
				INFOPLIST_FILE = "Marvel take home project/Info.plist";
				INFOPLIST_KEY_UIApplicationSupportsIndirectInputEvents = YES;
				INFOPLIST_KEY_UILaunchStoryboardName = LaunchScreen;
				INFOPLIST_KEY_UISupportedInterfaceOrientations = UIInterfaceOrientationPortrait;
				INFOPLIST_KEY_UISupportedInterfaceOrientations_iPad = "UIInterfaceOrientationLandscapeLeft UIInterfaceOrientationLandscapeRight UIInterfaceOrientationPortrait UIInterfaceOrientationPortraitUpsideDown";
				LD_RUNPATH_SEARCH_PATHS = (
					"$(inherited)",
					"@executable_path/Frameworks",
				);
				MARKETING_VERSION = 1.0;
				PRODUCT_BUNDLE_IDENTIFIER = "com.shubhamkashyap.Better-Rest-AI-App";
				PRODUCT_NAME = "$(TARGET_NAME)";
				SWIFT_EMIT_LOC_STRINGS = YES;
				SWIFT_VERSION = 5.0;
				TARGETED_DEVICE_FAMILY = "1,2";
			};
			name = Debug;
		};
		514933482ACEE2F700DA74A7 /* Release */ = {
			isa = XCBuildConfiguration;
			buildSettings = {
				ASSETCATALOG_COMPILER_APPICON_NAME = AppIcon;
				ASSETCATALOG_COMPILER_GLOBAL_ACCENT_COLOR_NAME = AccentColor;
				CODE_SIGN_STYLE = Automatic;
				CURRENT_PROJECT_VERSION = 1;
				DEVELOPMENT_TEAM = 43L658SZQH;
				GENERATE_INFOPLIST_FILE = YES;
				INFOPLIST_FILE = "Marvel take home project/Info.plist";
				INFOPLIST_KEY_UIApplicationSupportsIndirectInputEvents = YES;
				INFOPLIST_KEY_UILaunchStoryboardName = LaunchScreen;
				INFOPLIST_KEY_UISupportedInterfaceOrientations = UIInterfaceOrientationPortrait;
				INFOPLIST_KEY_UISupportedInterfaceOrientations_iPad = "UIInterfaceOrientationLandscapeLeft UIInterfaceOrientationLandscapeRight UIInterfaceOrientationPortrait UIInterfaceOrientationPortraitUpsideDown";
				LD_RUNPATH_SEARCH_PATHS = (
					"$(inherited)",
					"@executable_path/Frameworks",
				);
				MARKETING_VERSION = 1.0;
				PRODUCT_BUNDLE_IDENTIFIER = "com.shubhamkashyap.Better-Rest-AI-App";
				PRODUCT_NAME = "$(TARGET_NAME)";
				SWIFT_EMIT_LOC_STRINGS = YES;
				SWIFT_VERSION = 5.0;
				TARGETED_DEVICE_FAMILY = "1,2";
			};
			name = Release;
		};
		5149334A2ACEE2F700DA74A7 /* Debug */ = {
			isa = XCBuildConfiguration;
			buildSettings = {
				ALWAYS_EMBED_SWIFT_STANDARD_LIBRARIES = YES;
				BUNDLE_LOADER = "$(TEST_HOST)";
				CODE_SIGN_STYLE = Automatic;
				CURRENT_PROJECT_VERSION = 1;
				DEVELOPMENT_TEAM = 43L658SZQH;
				GENERATE_INFOPLIST_FILE = YES;
				IPHONEOS_DEPLOYMENT_TARGET = 17.0;
				MARKETING_VERSION = 1.0;
				PRODUCT_BUNDLE_IDENTIFIER = "com.shubhamkashyap.Marvel-take-home-projectTests";
				PRODUCT_NAME = "$(TARGET_NAME)";
				SWIFT_EMIT_LOC_STRINGS = NO;
				SWIFT_VERSION = 5.0;
				TARGETED_DEVICE_FAMILY = "1,2";
				TEST_HOST = "$(BUILT_PRODUCTS_DIR)/Marvel take home project.app/$(BUNDLE_EXECUTABLE_FOLDER_PATH)/Marvel take home project";
			};
			name = Debug;
		};
		5149334B2ACEE2F700DA74A7 /* Release */ = {
			isa = XCBuildConfiguration;
			buildSettings = {
				ALWAYS_EMBED_SWIFT_STANDARD_LIBRARIES = YES;
				BUNDLE_LOADER = "$(TEST_HOST)";
				CODE_SIGN_STYLE = Automatic;
				CURRENT_PROJECT_VERSION = 1;
				DEVELOPMENT_TEAM = 43L658SZQH;
				GENERATE_INFOPLIST_FILE = YES;
				IPHONEOS_DEPLOYMENT_TARGET = 17.0;
				MARKETING_VERSION = 1.0;
				PRODUCT_BUNDLE_IDENTIFIER = "com.shubhamkashyap.Marvel-take-home-projectTests";
				PRODUCT_NAME = "$(TARGET_NAME)";
				SWIFT_EMIT_LOC_STRINGS = NO;
				SWIFT_VERSION = 5.0;
				TARGETED_DEVICE_FAMILY = "1,2";
				TEST_HOST = "$(BUILT_PRODUCTS_DIR)/Marvel take home project.app/$(BUNDLE_EXECUTABLE_FOLDER_PATH)/Marvel take home project";
			};
			name = Release;
		};
		5149334D2ACEE2F700DA74A7 /* Debug */ = {
			isa = XCBuildConfiguration;
			buildSettings = {
				ALWAYS_EMBED_SWIFT_STANDARD_LIBRARIES = YES;
				CODE_SIGN_STYLE = Automatic;
				CURRENT_PROJECT_VERSION = 1;
				DEVELOPMENT_TEAM = 43L658SZQH;
				GENERATE_INFOPLIST_FILE = YES;
				MARKETING_VERSION = 1.0;
				PRODUCT_BUNDLE_IDENTIFIER = "com.shubhamkashyap.Marvel-take-home-projectUITests";
				PRODUCT_NAME = "$(TARGET_NAME)";
				SWIFT_EMIT_LOC_STRINGS = NO;
				SWIFT_VERSION = 5.0;
				TARGETED_DEVICE_FAMILY = "1,2";
				TEST_TARGET_NAME = "Marvel take home project";
			};
			name = Debug;
		};
		5149334E2ACEE2F700DA74A7 /* Release */ = {
			isa = XCBuildConfiguration;
			buildSettings = {
				ALWAYS_EMBED_SWIFT_STANDARD_LIBRARIES = YES;
				CODE_SIGN_STYLE = Automatic;
				CURRENT_PROJECT_VERSION = 1;
				DEVELOPMENT_TEAM = 43L658SZQH;
				GENERATE_INFOPLIST_FILE = YES;
				MARKETING_VERSION = 1.0;
				PRODUCT_BUNDLE_IDENTIFIER = "com.shubhamkashyap.Marvel-take-home-projectUITests";
				PRODUCT_NAME = "$(TARGET_NAME)";
				SWIFT_EMIT_LOC_STRINGS = NO;
				SWIFT_VERSION = 5.0;
				TARGETED_DEVICE_FAMILY = "1,2";
				TEST_TARGET_NAME = "Marvel take home project";
			};
			name = Release;
		};
/* End XCBuildConfiguration section */

/* Begin XCConfigurationList section */
		514933172ACEE2F500DA74A7 /* Build configuration list for PBXProject "Marvel take home project" */ = {
			isa = XCConfigurationList;
			buildConfigurations = (
				514933442ACEE2F700DA74A7 /* Debug */,
				514933452ACEE2F700DA74A7 /* Release */,
			);
			defaultConfigurationIsVisible = 0;
			defaultConfigurationName = Release;
		};
		514933462ACEE2F700DA74A7 /* Build configuration list for PBXNativeTarget "Marvel take home project" */ = {
			isa = XCConfigurationList;
			buildConfigurations = (
				514933472ACEE2F700DA74A7 /* Debug */,
				514933482ACEE2F700DA74A7 /* Release */,
			);
			defaultConfigurationIsVisible = 0;
			defaultConfigurationName = Release;
		};
		514933492ACEE2F700DA74A7 /* Build configuration list for PBXNativeTarget "Marvel take home projectTests" */ = {
			isa = XCConfigurationList;
			buildConfigurations = (
				5149334A2ACEE2F700DA74A7 /* Debug */,
				5149334B2ACEE2F700DA74A7 /* Release */,
			);
			defaultConfigurationIsVisible = 0;
			defaultConfigurationName = Release;
		};
		5149334C2ACEE2F700DA74A7 /* Build configuration list for PBXNativeTarget "Marvel take home projectUITests" */ = {
			isa = XCConfigurationList;
			buildConfigurations = (
				5149334D2ACEE2F700DA74A7 /* Debug */,
				5149334E2ACEE2F700DA74A7 /* Release */,
			);
			defaultConfigurationIsVisible = 0;
			defaultConfigurationName = Release;
		};
/* End XCConfigurationList section */

/* Begin XCRemoteSwiftPackageReference section */
		5147D9B22ACFE6C900EF0DE3 /* XCRemoteSwiftPackageReference "UIScrollView-InfiniteScroll" */ = {
			isa = XCRemoteSwiftPackageReference;
			repositoryURL = "https://github.com/pronebird/UIScrollView-InfiniteScroll";
			requirement = {
				kind = upToNextMajorVersion;
				minimumVersion = 1.3.0;
			};
		};
/* End XCRemoteSwiftPackageReference section */

/* Begin XCSwiftPackageProductDependency section */
		5147D9B32ACFE6C900EF0DE3 /* UIScrollView_InfiniteScroll */ = {
			isa = XCSwiftPackageProductDependency;
			package = 5147D9B22ACFE6C900EF0DE3 /* XCRemoteSwiftPackageReference "UIScrollView-InfiniteScroll" */;
			productName = UIScrollView_InfiniteScroll;
		};
/* End XCSwiftPackageProductDependency section */
	};
	rootObject = 514933142ACEE2F500DA74A7 /* Project object */;
}
